<?xml version="1.0" encoding="utf-8"?>
<Project ToolsVersion="4.0" xmlns="http://schemas.microsoft.com/developer/msbuild/2003">
  <ItemGroup>
    <Filter Include="Form Files">
      <UniqueIdentifier>{99349809-55BA-4b9d-BF79-8FDBB0286EB3}</UniqueIdentifier>
      <Extensions>ui</Extensions>
    </Filter>
    <Filter Include="Resource Files">
      <UniqueIdentifier>{D9D6E242-F8AF-46E4-B9FD-80ECBC20BA3E}</UniqueIdentifier>
      <Extensions>qrc;*</Extensions>
      <ParseFiles>false</ParseFiles>
    </Filter>
    <Filter Include="Generated Files">
      <UniqueIdentifier>{71ED8ED8-ACB9-4CE9-BBE1-E00B30144E11}</UniqueIdentifier>
      <Extensions>moc;h;cpp</Extensions>
      <SourceControlFiles>False</SourceControlFiles>
    </Filter>
    <Filter Include="Generated Files\Debug">
      <UniqueIdentifier>{98f576e4-9821-4059-9a4e-2c910e5d871e}</UniqueIdentifier>
      <Extensions>cpp;moc</Extensions>
      <SourceControlFiles>False</SourceControlFiles>
    </Filter>
    <Filter Include="Generated Files\Release">
      <UniqueIdentifier>{cf01c71a-d979-47d9-9723-dfab7d517442}</UniqueIdentifier>
      <Extensions>cpp;moc</Extensions>
      <SourceControlFiles>False</SourceControlFiles>
    </Filter>
    <Filter Include="src">
      <UniqueIdentifier>{4FC737F1-C7A5-4376-A066-2A32D752A2FF}</UniqueIdentifier>
      <Extensions>cpp;cxx;c;def</Extensions>
    </Filter>
    <Filter Include="InfoCard">
      <UniqueIdentifier>{9f6568ef-e4b2-4119-8781-823508683705}</UniqueIdentifier>
    </Filter>
    <Filter Include="DNS">
      <UniqueIdentifier>{7351b2bb-fb2e-4242-a90e-e627f5bebcbc}</UniqueIdentifier>
    </Filter>
    <Filter Include="Enumer">
      <UniqueIdentifier>{560f35e8-95e9-4c8e-86a3-8a065e864818}</UniqueIdentifier>
    </Filter>
    <Filter Include="main">
      <UniqueIdentifier>{93995380-89BD-4b04-88EB-625FBE52EBFB}</UniqueIdentifier>
      <Extensions>h</Extensions>
    </Filter>
    <Filter Include="Cerificates">
      <UniqueIdentifier>{dd164864-2567-40c2-b778-8fd56354e520}</UniqueIdentifier>
    </Filter>
    <Filter Include="zlib">
      <UniqueIdentifier>{1c88013d-25d3-4574-a6fd-6d616deb869d}</UniqueIdentifier>
    </Filter>
    <Filter Include="zlib\C">
      <UniqueIdentifier>{9fa4ea19-66e0-490e-b8ab-9c91026957f6}</UniqueIdentifier>
    </Filter>
    <Filter Include="QuaZip">
      <UniqueIdentifier>{26a45e4d-193a-419c-baba-286dc17674ff}</UniqueIdentifier>
    </Filter>
    <Filter Include="QuaZip\cpp">
      <UniqueIdentifier>{3cc15378-af79-4d8e-90f5-47c5b2554281}</UniqueIdentifier>
    </Filter>
    <Filter Include="QuaZip\C">
      <UniqueIdentifier>{2fbed7b7-1255-4790-9b19-01f580b9170d}</UniqueIdentifier>
    </Filter>
    <Filter Include="TrustedDiploma">
      <UniqueIdentifier>{0512ba2f-9bd8-4dfa-9daf-16c58fcfb47f}</UniqueIdentifier>
    </Filter>
  </ItemGroup>
  <ItemGroup>
    <ClCompile Include="Settings.cpp">
      <Filter>src</Filter>
    </ClCompile>
    <ClCompile Include="EmailValidator.cpp">
      <Filter>src</Filter>
    </ClCompile>
    <ClCompile Include="EmailLineEdit.cpp">
      <Filter>src</Filter>
    </ClCompile>
    <ClCompile Include="ValidatorToLabel.cpp">
      <Filter>src</Filter>
    </ClCompile>
    <ClCompile Include="IPv6LineEdit.cpp">
      <Filter>src</Filter>
    </ClCompile>
    <ClCompile Include="IPv4LineEdit.cpp">
      <Filter>src</Filter>
    </ClCompile>
    <ClCompile Include="SelectableLineEdit.cpp">
      <Filter>src</Filter>
    </ClCompile>
    <ClCompile Include="NameValueEditWidget.cpp">
      <Filter>src</Filter>
    </ClCompile>
    <ClCompile Include="InfoCardDialog.cpp">
      <Filter>InfoCard</Filter>
    </ClCompile>
    <ClCompile Include="InfoCardExample.cpp">
      <Filter>InfoCard</Filter>
    </ClCompile>
    <ClCompile Include="InfoCardsWidget.cpp">
      <Filter>InfoCard</Filter>
    </ClCompile>
    <ClCompile Include="InfoCardTableModel.cpp">
      <Filter>InfoCard</Filter>
    </ClCompile>
    <ClCompile Include="InfoCardTableView.cpp">
      <Filter>InfoCard</Filter>
    </ClCompile>
    <ClCompile Include="ManageDnsPage.cpp">
      <Filter>DNS</Filter>
    </ClCompile>
    <ClCompile Include="EnumerDialog.cpp">
      <Filter>Enumer</Filter>
    </ClCompile>
    <ClCompile Include="main.cpp">
      <Filter>main</Filter>
    </ClCompile>
    <ClCompile Include="MainWindow.cpp">
      <Filter>main</Filter>
    </ClCompile>
    <ClCompile Include="pch.cpp">
      <Filter>main</Filter>
    </ClCompile>
    <ClCompile Include="TableView.cpp">
      <Filter>main</Filter>
    </ClCompile>
    <ClCompile Include="OpenSslConfigWriter.cpp">
      <Filter>Cerificates</Filter>
    </ClCompile>
    <ClCompile Include="OpenSslExecutable.cpp">
      <Filter>Cerificates</Filter>
    </ClCompile>
    <ClCompile Include="ShellImitation.cpp">
      <Filter>Cerificates</Filter>
    </ClCompile>
    <ClCompile Include="ManageSslPage.cpp">
      <Filter>Cerificates</Filter>
    </ClCompile>
    <ClCompile Include="CertLogger.cpp">
      <Filter>Cerificates</Filter>
    </ClCompile>
    <ClCompile Include="CertTableModel.cpp">
      <Filter>Cerificates</Filter>
    </ClCompile>
    <ClCompile Include="CertTableView.cpp">
      <Filter>Cerificates</Filter>
    </ClCompile>
    <ClCompile Include="InfoCardHighlighter.cpp">
      <Filter>InfoCard</Filter>
    </ClCompile>
    <ClCompile Include="InfoCard.cpp">
      <Filter>InfoCard</Filter>
    </ClCompile>
    <ClCompile Include="InfoCardItemDelegate.cpp">
      <Filter>InfoCard</Filter>
    </ClCompile>
    <ClCompile Include="InfoCardTextEdit.cpp">
      <Filter>InfoCard</Filter>
    </ClCompile>
    <ClCompile Include="zlib\adler32.c">
      <Filter>zlib\C</Filter>
    </ClCompile>
    <ClCompile Include="zlib\compress.c">
      <Filter>zlib\C</Filter>
    </ClCompile>
    <ClCompile Include="zlib\crc32.c">
      <Filter>zlib\C</Filter>
    </ClCompile>
    <ClCompile Include="zlib\deflate.c">
      <Filter>zlib\C</Filter>
    </ClCompile>
    <ClCompile Include="zlib\gzclose.c">
      <Filter>zlib\C</Filter>
    </ClCompile>
    <ClCompile Include="zlib\gzlib.c">
      <Filter>zlib\C</Filter>
    </ClCompile>
    <ClCompile Include="zlib\gzread.c">
      <Filter>zlib\C</Filter>
    </ClCompile>
    <ClCompile Include="zlib\gzwrite.c">
      <Filter>zlib\C</Filter>
    </ClCompile>
    <ClCompile Include="zlib\infback.c">
      <Filter>zlib\C</Filter>
    </ClCompile>
    <ClCompile Include="zlib\inffast.c">
      <Filter>zlib\C</Filter>
    </ClCompile>
    <ClCompile Include="zlib\inflate.c">
      <Filter>zlib\C</Filter>
    </ClCompile>
    <ClCompile Include="zlib\inftrees.c">
      <Filter>zlib\C</Filter>
    </ClCompile>
    <ClCompile Include="zlib\trees.c">
      <Filter>zlib\C</Filter>
    </ClCompile>
    <ClCompile Include="zlib\uncompr.c">
      <Filter>zlib\C</Filter>
    </ClCompile>
    <ClCompile Include="zlib\zutil.c">
      <Filter>zlib\C</Filter>
    </ClCompile>
    <ClCompile Include="quazip\JlCompress.cpp">
      <Filter>QuaZip\cpp</Filter>
    </ClCompile>
    <ClCompile Include="quazip\quaadler32.cpp">
      <Filter>QuaZip\cpp</Filter>
    </ClCompile>
    <ClCompile Include="quazip\quagzipfile.cpp">
      <Filter>QuaZip\cpp</Filter>
    </ClCompile>
    <ClCompile Include="quazip\quaziodevice.cpp">
      <Filter>QuaZip\cpp</Filter>
    </ClCompile>
    <ClCompile Include="quazip\quazip.cpp">
      <Filter>QuaZip\cpp</Filter>
    </ClCompile>
    <ClCompile Include="quazip\quacrc32.cpp">
      <Filter>QuaZip\cpp</Filter>
    </ClCompile>
    <ClCompile Include="quazip\quazipfile.cpp">
      <Filter>QuaZip\cpp</Filter>
    </ClCompile>
    <ClCompile Include="quazip\quazipfileinfo.cpp">
      <Filter>QuaZip\cpp</Filter>
    </ClCompile>
    <ClCompile Include="quazip\quazipdir.cpp">
      <Filter>QuaZip\cpp</Filter>
    </ClCompile>
    <ClCompile Include="quazip\quazipnewinfo.cpp">
      <Filter>QuaZip\cpp</Filter>
    </ClCompile>
    <ClCompile Include="quazip\qioapi.cpp">
      <Filter>QuaZip\cpp</Filter>
    </ClCompile>
    <ClCompile Include="quazip\zip.c">
      <Filter>QuaZip\C</Filter>
    </ClCompile>
    <ClCompile Include="quazip\unzip.c">
      <Filter>QuaZip\C</Filter>
    </ClCompile>
    <ClCompile Include="DiplomaWidget.cpp">
      <Filter>TrustedDiploma</Filter>
    </ClCompile>
    <ClCompile Include="CheckDiplomaWidget.cpp">
      <Filter>TrustedDiploma</Filter>
    </ClCompile>
    <ClCompile Include="RegisterDiplomaWidget.cpp">
      <Filter>TrustedDiploma</Filter>
    </ClCompile>
    <ClCompile Include="RegisterUniversityWidget.cpp">
      <Filter>TrustedDiploma</Filter>
    </ClCompile>
    <ClCompile Include="PhoneNumberLineEdit.cpp">
      <Filter>Enumer</Filter>
    </ClCompile>
  </ItemGroup>
  <ItemGroup>
    <ClInclude Include="Settings.h">
      <Filter>src</Filter>
    </ClInclude>
    <ClInclude Include="EmailLineEdit.h">
      <Filter>src</Filter>
    </ClInclude>
    <ClInclude Include="ValidatorToLabel.h">
      <Filter>src</Filter>
    </ClInclude>
    <ClInclude Include="IPv6LineEdit.h">
      <Filter>src</Filter>
    </ClInclude>
    <ClInclude Include="IPv4LineEdit.h">
      <Filter>src</Filter>
    </ClInclude>
    <ClInclude Include="SelectableLineEdit.h">
      <Filter>src</Filter>
    </ClInclude>
    <ClInclude Include="NameValueEditWidget.h">
      <Filter>src</Filter>
    </ClInclude>
    <ClInclude Include="InfoCardDialog.h">
      <Filter>InfoCard</Filter>
    </ClInclude>
    <ClInclude Include="InfoCardExample.h">
      <Filter>InfoCard</Filter>
    </ClInclude>
    <ClInclude Include="InfoCardsWidget.h">
      <Filter>InfoCard</Filter>
    </ClInclude>
    <ClInclude Include="InfoCardTableModel.h">
      <Filter>InfoCard</Filter>
    </ClInclude>
    <ClInclude Include="InfoCardTableView.h">
      <Filter>InfoCard</Filter>
    </ClInclude>
    <ClInclude Include="ManageDnsPage.h">
      <Filter>DNS</Filter>
    </ClInclude>
    <ClInclude Include="EnumerDialog.h">
      <Filter>Enumer</Filter>
    </ClInclude>
    <ClInclude Include="MainWindow.h">
      <Filter>main</Filter>
    </ClInclude>
    <ClInclude Include="pch.h">
      <Filter>main</Filter>
    </ClInclude>
    <ClInclude Include="TableView.h">
      <Filter>main</Filter>
    </ClInclude>
    <ClInclude Include="OpenSslExecutable.h">
      <Filter>Cerificates</Filter>
    </ClInclude>
    <ClInclude Include="OpenSslConfigWriter.h">
      <Filter>Cerificates</Filter>
    </ClInclude>
    <ClInclude Include="ShellImitation.h">
      <Filter>Cerificates</Filter>
    </ClInclude>
    <ClInclude Include="ManageSslPage.h">
      <Filter>Cerificates</Filter>
    </ClInclude>
    <ClInclude Include="CertTableView.h">
      <Filter>Cerificates</Filter>
    </ClInclude>
    <ClInclude Include="CertLogger.h">
      <Filter>Cerificates</Filter>
    </ClInclude>
    <ClInclude Include="CertTableModel.h">
      <Filter>Cerificates</Filter>
    </ClInclude>
    <ClInclude Include="InfoCardHighlighter.h">
      <Filter>InfoCard</Filter>
    </ClInclude>
    <ClInclude Include="InfoCard.h">
      <Filter>InfoCard</Filter>
    </ClInclude>
    <ClInclude Include="InfoCardItemDelegate.h">
      <Filter>InfoCard</Filter>
    </ClInclude>
    <ClInclude Include="InfoCardTextEdit.h">
      <Filter>InfoCard</Filter>
    </ClInclude>
    <ClInclude Include="zlib\crc32.h">
      <Filter>zlib</Filter>
    </ClInclude>
    <ClInclude Include="zlib\deflate.h">
      <Filter>zlib</Filter>
    </ClInclude>
    <ClInclude Include="zlib\gzguts.h">
      <Filter>zlib</Filter>
    </ClInclude>
    <ClInclude Include="zlib\inffast.h">
      <Filter>zlib</Filter>
    </ClInclude>
    <ClInclude Include="zlib\inffixed.h">
      <Filter>zlib</Filter>
    </ClInclude>
    <ClInclude Include="zlib\inflate.h">
      <Filter>zlib</Filter>
    </ClInclude>
    <ClInclude Include="zlib\inftrees.h">
      <Filter>zlib</Filter>
    </ClInclude>
    <ClInclude Include="zlib\trees.h">
      <Filter>zlib</Filter>
    </ClInclude>
    <ClInclude Include="zlib\zconf.h">
      <Filter>zlib</Filter>
    </ClInclude>
    <ClInclude Include="zlib\zlib.h">
      <Filter>zlib</Filter>
    </ClInclude>
    <ClInclude Include="zlib\zutil.h">
      <Filter>zlib</Filter>
    </ClInclude>
    <ClInclude Include="quazip\ioapi.h">
      <Filter>QuaZip</Filter>
    </ClInclude>
    <ClInclude Include="quazip\JlCompress.h">
      <Filter>QuaZip</Filter>
    </ClInclude>
    <ClInclude Include="quazip\minizip_crypt.h">
      <Filter>QuaZip</Filter>
    </ClInclude>
    <ClInclude Include="quazip\quaadler32.h">
      <Filter>QuaZip</Filter>
    </ClInclude>
    <ClInclude Include="quazip\quachecksum32.h">
      <Filter>QuaZip</Filter>
    </ClInclude>
    <ClInclude Include="quazip\quacrc32.h">
      <Filter>QuaZip</Filter>
    </ClInclude>
    <ClInclude Include="quazip\quazip.h">
      <Filter>QuaZip</Filter>
    </ClInclude>
    <ClInclude Include="quazip\quazip_global.h">
      <Filter>QuaZip</Filter>
    </ClInclude>
    <ClInclude Include="quazip\quazipdir.h">
      <Filter>QuaZip</Filter>
    </ClInclude>
    <ClInclude Include="quazip\quazipfileinfo.h">
      <Filter>QuaZip</Filter>
    </ClInclude>
    <ClInclude Include="quazip\quazipnewinfo.h">
      <Filter>QuaZip</Filter>
    </ClInclude>
    <ClInclude Include="quazip\unzip.h">
      <Filter>QuaZip</Filter>
    </ClInclude>
    <ClInclude Include="quazip\zip.h">
      <Filter>QuaZip</Filter>
    </ClInclude>
    <ClInclude Include="quazip\quaziodevice.h">
      <Filter>QuaZip</Filter>
    </ClInclude>
    <ClInclude Include="quazip\quazipfile.h">
      <Filter>QuaZip</Filter>
    </ClInclude>
    <ClInclude Include="quazip\quagzipfile.h">
      <Filter>QuaZip</Filter>
    </ClInclude>
    <ClInclude Include="DiplomaWidget.h">
      <Filter>TrustedDiploma</Filter>
    </ClInclude>
    <ClInclude Include="CheckDiplomaWidget.h">
      <Filter>TrustedDiploma</Filter>
    </ClInclude>
    <ClInclude Include="RegisterDiplomaWidget.h">
      <Filter>TrustedDiploma</Filter>
    </ClInclude>
    <ClInclude Include="RegisterUniversityWidget.h">
      <Filter>TrustedDiploma</Filter>
    </ClInclude>
    <ClInclude Include="PhoneNumberLineEdit.h">
      <Filter>Enumer</Filter>
    </ClInclude>
  </ItemGroup>
  <ItemGroup>
    <QtRcc Include="MainWindow.qrc">
      <Filter>Resource Files</Filter>
    </QtRcc>
    <CustomBuild Include="EmailValidator.h">
      <Filter>src</Filter>
    </CustomBuild>
  </ItemGroup>
  <ItemGroup>
    <ResourceCompile Include="EmerCert.rc" />
  </ItemGroup>
</Project>